
Microsoft Visual Studio Solution File, Format Version 12.00
# Visual Studio Version 16
VisualStudioVersion = 16.0.30804.86
MinimumVisualStudioVersion = 10.0.40219.1
Project("{FAE04EC0-301F-11D3-BF4B-00C04F79EFBC}") = "cbqapp", "cbqapp\cbqapp.csproj", "{9315C6E5-C8B9-425D-A7B7-5CBE277E3D8C}"
EndProject
Global
	GlobalSection(SolutionConfigurationPlatforms) = preSolution
		Debug|Any CPU = Debug|Any CPU
		Release|Any CPU = Release|Any CPU
	EndGlobalSection
	GlobalSection(ProjectConfigurationPlatforms) = postSolution
		{9315C6E5-C8B9-425D-A7B7-5CBE277E3D8C}.Debug|Any CPU.ActiveCfg = Debug|Any CPU
		{9315C6E5-C8B9-425D-A7B7-5CBE277E3D8C}.Debug|Any CPU.Build.0 = Debug|Any CPU
		{9315C6E5-C8B9-425D-A7B7-5CBE277E3D8C}.Release|Any CPU.ActiveCfg = Release|Any CPU
		{9315C6E5-C8B9-425D-A7B7-5CBE277E3D8C}.Release|Any CPU.Build.0 = Release|Any CPU
	EndGlobalSection
	GlobalSection(SolutionProperties) = preSolution
		HideSolutionNode = FALSE
	EndGlobalSection
	GlobalSection(ExtensibilityGlobals) = postSolution
		SolutionGuid = {8E5C493A-55D3-4F2F-A6A3-9272139228B3}
	EndGlobalSection
EndGlobal
